
Microsoft Visual Studio Solution File, Format Version 12.00
Project("{FAE04EC0-301F-11D3-BF4B-00C04F79EFBC}") = "Kata1", "Kata1\Kata1.csproj", "{7177FF47-C7FB-4EB0-AC3D-7F2DBCCC2101}"
EndProject
Project("{FAE04EC0-301F-11D3-BF4B-00C04F79EFBC}") = "Kata1Mini", "Kata1Mini\Kata1Mini.csproj", "{8B8564CA-34F1-44AF-BBF1-E9F1D5FE3F62}"
EndProject
Project("{FAE04EC0-301F-11D3-BF4B-00C04F79EFBC}") = "Kata1Mini2", "Kata1Mini2\Kata1Mini2.csproj", "{7ABD14C2-A8E8-4FED-8707-7137E18A861D}"
EndProject
Project("{FAE04EC0-301F-11D3-BF4B-00C04F79EFBC}") = "Kata1Mini3", "Kata1Mini3\Kata1Mini3.csproj", "{1D28E3F2-72FA-4CD3-B968-E85FF2301654}"
EndProject
Project("{FAE04EC0-301F-11D3-BF4B-00C04F79EFBC}") = "Kata2", "Kata2\Kata2.csproj", "{3A3EAA3E-3132-448B-AFDB-A181B7261D2D}"
EndProject
Project("{FAE04EC0-301F-11D3-BF4B-00C04F79EFBC}") = "6MiniKata4", "6MiniKata4\6MiniKata4.csproj", "{0D851225-A91D-4100-A013-3C58C9611FAE}"
EndProject
Project("{FAE04EC0-301F-11D3-BF4B-00C04F79EFBC}") = "7Kata3", "7Kata3\7Kata3.csproj", "{45E7B1BE-AF44-4324-B4E0-ACBE9114D5FA}"
EndProject
Project("{FAE04EC0-301F-11D3-BF4B-00C04F79EFBC}") = "8Kata4", "8Kata4\8Kata4.csproj", "{D89EEBA7-8B17-41BF-BE4D-6C3057493316}"
EndProject
Project("{FAE04EC0-301F-11D3-BF4B-00C04F79EFBC}") = "9Exam", "9Exam\9Exam.csproj", "{C6A1D268-696F-4AB3-898E-56309710C2E1}"
EndProject
Global
	GlobalSection(SolutionConfigurationPlatforms) = preSolution
		Debug|Any CPU = Debug|Any CPU
		Release|Any CPU = Release|Any CPU
	EndGlobalSection
	GlobalSection(ProjectConfigurationPlatforms) = postSolution
		{7177FF47-C7FB-4EB0-AC3D-7F2DBCCC2101}.Debug|Any CPU.ActiveCfg = Debug|Any CPU
		{7177FF47-C7FB-4EB0-AC3D-7F2DBCCC2101}.Debug|Any CPU.Build.0 = Debug|Any CPU
		{7177FF47-C7FB-4EB0-AC3D-7F2DBCCC2101}.Release|Any CPU.ActiveCfg = Release|Any CPU
		{7177FF47-C7FB-4EB0-AC3D-7F2DBCCC2101}.Release|Any CPU.Build.0 = Release|Any CPU
		{8B8564CA-34F1-44AF-BBF1-E9F1D5FE3F62}.Debug|Any CPU.ActiveCfg = Debug|Any CPU
		{8B8564CA-34F1-44AF-BBF1-E9F1D5FE3F62}.Debug|Any CPU.Build.0 = Debug|Any CPU
		{8B8564CA-34F1-44AF-BBF1-E9F1D5FE3F62}.Release|Any CPU.ActiveCfg = Release|Any CPU
		{8B8564CA-34F1-44AF-BBF1-E9F1D5FE3F62}.Release|Any CPU.Build.0 = Release|Any CPU
		{7ABD14C2-A8E8-4FED-8707-7137E18A861D}.Debug|Any CPU.ActiveCfg = Debug|Any CPU
		{7ABD14C2-A8E8-4FED-8707-7137E18A861D}.Debug|Any CPU.Build.0 = Debug|Any CPU
		{7ABD14C2-A8E8-4FED-8707-7137E18A861D}.Release|Any CPU.ActiveCfg = Release|Any CPU
		{7ABD14C2-A8E8-4FED-8707-7137E18A861D}.Release|Any CPU.Build.0 = Release|Any CPU
		{1D28E3F2-72FA-4CD3-B968-E85FF2301654}.Debug|Any CPU.ActiveCfg = Debug|Any CPU
		{1D28E3F2-72FA-4CD3-B968-E85FF2301654}.Debug|Any CPU.Build.0 = Debug|Any CPU
		{1D28E3F2-72FA-4CD3-B968-E85FF2301654}.Release|Any CPU.ActiveCfg = Release|Any CPU
		{1D28E3F2-72FA-4CD3-B968-E85FF2301654}.Release|Any CPU.Build.0 = Release|Any CPU
		{3A3EAA3E-3132-448B-AFDB-A181B7261D2D}.Debug|Any CPU.ActiveCfg = Debug|Any CPU
		{3A3EAA3E-3132-448B-AFDB-A181B7261D2D}.Debug|Any CPU.Build.0 = Debug|Any CPU
		{3A3EAA3E-3132-448B-AFDB-A181B7261D2D}.Release|Any CPU.ActiveCfg = Release|Any CPU
		{3A3EAA3E-3132-448B-AFDB-A181B7261D2D}.Release|Any CPU.Build.0 = Release|Any CPU
		{0D851225-A91D-4100-A013-3C58C9611FAE}.Debug|Any CPU.ActiveCfg = Debug|Any CPU
		{0D851225-A91D-4100-A013-3C58C9611FAE}.Debug|Any CPU.Build.0 = Debug|Any CPU
		{0D851225-A91D-4100-A013-3C58C9611FAE}.Release|Any CPU.ActiveCfg = Release|Any CPU
		{0D851225-A91D-4100-A013-3C58C9611FAE}.Release|Any CPU.Build.0 = Release|Any CPU
		{45E7B1BE-AF44-4324-B4E0-ACBE9114D5FA}.Debug|Any CPU.ActiveCfg = Debug|Any CPU
		{45E7B1BE-AF44-4324-B4E0-ACBE9114D5FA}.Debug|Any CPU.Build.0 = Debug|Any CPU
		{45E7B1BE-AF44-4324-B4E0-ACBE9114D5FA}.Release|Any CPU.ActiveCfg = Release|Any CPU
		{45E7B1BE-AF44-4324-B4E0-ACBE9114D5FA}.Release|Any CPU.Build.0 = Release|Any CPU
		{D89EEBA7-8B17-41BF-BE4D-6C3057493316}.Debug|Any CPU.ActiveCfg = Debug|Any CPU
		{D89EEBA7-8B17-41BF-BE4D-6C3057493316}.Debug|Any CPU.Build.0 = Debug|Any CPU
		{D89EEBA7-8B17-41BF-BE4D-6C3057493316}.Release|Any CPU.ActiveCfg = Release|Any CPU
		{D89EEBA7-8B17-41BF-BE4D-6C3057493316}.Release|Any CPU.Build.0 = Release|Any CPU
		{C6A1D268-696F-4AB3-898E-56309710C2E1}.Debug|Any CPU.ActiveCfg = Debug|Any CPU
		{C6A1D268-696F-4AB3-898E-56309710C2E1}.Debug|Any CPU.Build.0 = Debug|Any CPU
		{C6A1D268-696F-4AB3-898E-56309710C2E1}.Release|Any CPU.ActiveCfg = Release|Any CPU
		{C6A1D268-696F-4AB3-898E-56309710C2E1}.Release|Any CPU.Build.0 = Release|Any CPU
	EndGlobalSection
EndGlobal
